
Microsoft Visual Studio Solution File, Format Version 12.00
# Visual Studio Version 16
VisualStudioVersion = 16.0.28803.202
MinimumVisualStudioVersion = 10.0.40219.1
Project("{FAE04EC0-301F-11D3-BF4B-00C04F79EFBC}") = "cours_asp_helloworld", "cours_asp_helloworld\cours_asp_helloworld.csproj", "{D0179EE7-444C-428C-9FFB-6183B5458C63}"
EndProject
Project("{FAE04EC0-301F-11D3-BF4B-00C04F79EFBC}") = "cours_asp_helloworld.Tests", "cours_asp_helloworld.Tests\cours_asp_helloworld.Tests.csproj", "{B78832CE-E989-49C7-9FCD-6F9225265F98}"
EndProject
Global
	GlobalSection(SolutionConfigurationPlatforms) = preSolution
		Debug|Any CPU = Debug|Any CPU
		Release|Any CPU = Release|Any CPU
	EndGlobalSection
	GlobalSection(ProjectConfigurationPlatforms) = postSolution
		{D0179EE7-444C-428C-9FFB-6183B5458C63}.Debug|Any CPU.ActiveCfg = Debug|Any CPU
		{D0179EE7-444C-428C-9FFB-6183B5458C63}.Debug|Any CPU.Build.0 = Debug|Any CPU
		{D0179EE7-444C-428C-9FFB-6183B5458C63}.Release|Any CPU.ActiveCfg = Release|Any CPU
		{D0179EE7-444C-428C-9FFB-6183B5458C63}.Release|Any CPU.Build.0 = Release|Any CPU
		{B78832CE-E989-49C7-9FCD-6F9225265F98}.Debug|Any CPU.ActiveCfg = Debug|Any CPU
		{B78832CE-E989-49C7-9FCD-6F9225265F98}.Debug|Any CPU.Build.0 = Debug|Any CPU
		{B78832CE-E989-49C7-9FCD-6F9225265F98}.Release|Any CPU.ActiveCfg = Release|Any CPU
		{B78832CE-E989-49C7-9FCD-6F9225265F98}.Release|Any CPU.Build.0 = Release|Any CPU
	EndGlobalSection
	GlobalSection(SolutionProperties) = preSolution
		HideSolutionNode = FALSE
	EndGlobalSection
	GlobalSection(ExtensibilityGlobals) = postSolution
		SolutionGuid = {5CDF2F59-CF16-4A80-AD21-158176DC7E25}
	EndGlobalSection
EndGlobal
